// !$*UTF8*$!
{
	archiveVersion = 1;
	classes = {
	};
	objectVersion = 55;
	objects = {

/* Begin PBXBuildFile section */
		89577663284B509200A40BB2 /* Alamofire in Frameworks */ = {isa = PBXBuildFile; productRef = 89577662284B509200A40BB2 /* Alamofire */; };
		89577665284B54DE00A40BB2 /* NetworkManager.swift in Sources */ = {isa = PBXBuildFile; fileRef = 89577664284B54DE00A40BB2 /* NetworkManager.swift */; };
		89577667284B586500A40BB2 /* FilmData.swift in Sources */ = {isa = PBXBuildFile; fileRef = 89577666284B586500A40BB2 /* FilmData.swift */; };
		89577669284B58B900A40BB2 /* TvData.swift in Sources */ = {isa = PBXBuildFile; fileRef = 89577668284B58B900A40BB2 /* TvData.swift */; };
		CBABCE142848F77800F8440E /* UIImage+Extension.swift in Sources */ = {isa = PBXBuildFile; fileRef = CBABCE132848F77800F8440E /* UIImage+Extension.swift */; };
		CBADD487284635D700908EB5 /* FilmsCollectionViewCell.swift in Sources */ = {isa = PBXBuildFile; fileRef = CBADD486284635D700908EB5 /* FilmsCollectionViewCell.swift */; };
		CBADD4892846360400908EB5 /* Film.swift in Sources */ = {isa = PBXBuildFile; fileRef = CBADD4882846360400908EB5 /* Film.swift */; };
		CBADD48E28463DEB00908EB5 /* ActorData.swift in Sources */ = {isa = PBXBuildFile; fileRef = CBADD48D28463DEB00908EB5 /* ActorData.swift */; };
		CBADD49028463E7B00908EB5 /* Category.swift in Sources */ = {isa = PBXBuildFile; fileRef = CBADD48F28463E7B00908EB5 /* Category.swift */; };
		CBADD4922846434900908EB5 /* FilmsViewModel.swift in Sources */ = {isa = PBXBuildFile; fileRef = CBADD4912846434900908EB5 /* FilmsViewModel.swift */; };
		CBADD4962846685100908EB5 /* Date+Extension.swift in Sources */ = {isa = PBXBuildFile; fileRef = CBADD4952846685100908EB5 /* Date+Extension.swift */; };
		CBADD49A2847687700908EB5 /* UIView+Extension.swift in Sources */ = {isa = PBXBuildFile; fileRef = CBADD4992847687700908EB5 /* UIView+Extension.swift */; };
		CBADD49C28476F3400908EB5 /* FilmSection.swift in Sources */ = {isa = PBXBuildFile; fileRef = CBADD49B28476F3400908EB5 /* FilmSection.swift */; };
		CBADD49E2847922F00908EB5 /* UIColor+Extension.swift in Sources */ = {isa = PBXBuildFile; fileRef = CBADD49D2847922F00908EB5 /* UIColor+Extension.swift */; };
		CBADD4A12847D62600908EB5 /* DateComponents+Extension.swift in Sources */ = {isa = PBXBuildFile; fileRef = CBADD4A02847D62600908EB5 /* DateComponents+Extension.swift */; };
		CBADD4A32847D68300908EB5 /* Array+Extension.swift in Sources */ = {isa = PBXBuildFile; fileRef = CBADD4A22847D68300908EB5 /* Array+Extension.swift */; };
		CBADD4A52848052700908EB5 /* TitleSupplementaryView.swift in Sources */ = {isa = PBXBuildFile; fileRef = CBADD4A42848052700908EB5 /* TitleSupplementaryView.swift */; };
		CBC66EA62844E1670011C8D2 /* AppDelegate.swift in Sources */ = {isa = PBXBuildFile; fileRef = CBC66EA52844E1670011C8D2 /* AppDelegate.swift */; };
		CBC66EA82844E1670011C8D2 /* SceneDelegate.swift in Sources */ = {isa = PBXBuildFile; fileRef = CBC66EA72844E1670011C8D2 /* SceneDelegate.swift */; };
		CBC66EAF2844E16A0011C8D2 /* Assets.xcassets in Resources */ = {isa = PBXBuildFile; fileRef = CBC66EAE2844E16A0011C8D2 /* Assets.xcassets */; };
		CBC66EB22844E16A0011C8D2 /* LaunchScreen.storyboard in Resources */ = {isa = PBXBuildFile; fileRef = CBC66EB02844E16A0011C8D2 /* LaunchScreen.storyboard */; };
		CBDBBEE82846035900C69586 /* FilmsViewController.swift in Sources */ = {isa = PBXBuildFile; fileRef = CBDBBEE72846035900C69586 /* FilmsViewController.swift */; };
		CBF26B4F2849F6E400B64CAD /* FilmViewModel.swift in Sources */ = {isa = PBXBuildFile; fileRef = CBF26B4E2849F6E400B64CAD /* FilmViewModel.swift */; };
		CBF63A29284A0C8D0044A65E /* FilmsView.swift in Sources */ = {isa = PBXBuildFile; fileRef = CBF63A28284A0C8D0044A65E /* FilmsView.swift */; };
		CBF63A2B284A0CD80044A65E /* FilmsViewController+Extension.swift in Sources */ = {isa = PBXBuildFile; fileRef = CBF63A2A284A0CD80044A65E /* FilmsViewController+Extension.swift */; };
		CBF63A32284A15ED0044A65E /* Constants.swift in Sources */ = {isa = PBXBuildFile; fileRef = CBF63A31284A15ED0044A65E /* Constants.swift */; };
/* End PBXBuildFile section */

/* Begin PBXFileReference section */
		89577664284B54DE00A40BB2 /* NetworkManager.swift */ = {isa = PBXFileReference; lastKnownFileType = sourcecode.swift; path = NetworkManager.swift; sourceTree = "<group>"; };
		89577666284B586500A40BB2 /* FilmData.swift */ = {isa = PBXFileReference; lastKnownFileType = sourcecode.swift; path = FilmData.swift; sourceTree = "<group>"; };
		89577668284B58B900A40BB2 /* TvData.swift */ = {isa = PBXFileReference; lastKnownFileType = sourcecode.swift; path = TvData.swift; sourceTree = "<group>"; };
		CBABCE132848F77800F8440E /* UIImage+Extension.swift */ = {isa = PBXFileReference; lastKnownFileType = sourcecode.swift; path = "UIImage+Extension.swift"; sourceTree = "<group>"; };
		CBADD486284635D700908EB5 /* FilmsCollectionViewCell.swift */ = {isa = PBXFileReference; lastKnownFileType = sourcecode.swift; path = FilmsCollectionViewCell.swift; sourceTree = "<group>"; };
		CBADD4882846360400908EB5 /* Film.swift */ = {isa = PBXFileReference; lastKnownFileType = sourcecode.swift; path = Film.swift; sourceTree = "<group>"; };
		CBADD48D28463DEB00908EB5 /* ActorData.swift */ = {isa = PBXFileReference; lastKnownFileType = sourcecode.swift; path = ActorData.swift; sourceTree = "<group>"; };
		CBADD48F28463E7B00908EB5 /* Category.swift */ = {isa = PBXFileReference; lastKnownFileType = sourcecode.swift; path = Category.swift; sourceTree = "<group>"; };
		CBADD4912846434900908EB5 /* FilmsViewModel.swift */ = {isa = PBXFileReference; lastKnownFileType = sourcecode.swift; path = FilmsViewModel.swift; sourceTree = "<group>"; };
		CBADD4952846685100908EB5 /* Date+Extension.swift */ = {isa = PBXFileReference; lastKnownFileType = sourcecode.swift; path = "Date+Extension.swift"; sourceTree = "<group>"; };
		CBADD4992847687700908EB5 /* UIView+Extension.swift */ = {isa = PBXFileReference; lastKnownFileType = sourcecode.swift; path = "UIView+Extension.swift"; sourceTree = "<group>"; };
		CBADD49B28476F3400908EB5 /* FilmSection.swift */ = {isa = PBXFileReference; lastKnownFileType = sourcecode.swift; path = FilmSection.swift; sourceTree = "<group>"; };
		CBADD49D2847922F00908EB5 /* UIColor+Extension.swift */ = {isa = PBXFileReference; lastKnownFileType = sourcecode.swift; path = "UIColor+Extension.swift"; sourceTree = "<group>"; };
		CBADD4A02847D62600908EB5 /* DateComponents+Extension.swift */ = {isa = PBXFileReference; lastKnownFileType = sourcecode.swift; path = "DateComponents+Extension.swift"; sourceTree = "<group>"; };
		CBADD4A22847D68300908EB5 /* Array+Extension.swift */ = {isa = PBXFileReference; lastKnownFileType = sourcecode.swift; path = "Array+Extension.swift"; sourceTree = "<group>"; };
		CBADD4A42848052700908EB5 /* TitleSupplementaryView.swift */ = {isa = PBXFileReference; lastKnownFileType = sourcecode.swift; path = TitleSupplementaryView.swift; sourceTree = "<group>"; };
		CBC66EA22844E1670011C8D2 /* Movve.app */ = {isa = PBXFileReference; explicitFileType = wrapper.application; includeInIndex = 0; path = Movve.app; sourceTree = BUILT_PRODUCTS_DIR; };
		CBC66EA52844E1670011C8D2 /* AppDelegate.swift */ = {isa = PBXFileReference; lastKnownFileType = sourcecode.swift; path = AppDelegate.swift; sourceTree = "<group>"; };
		CBC66EA72844E1670011C8D2 /* SceneDelegate.swift */ = {isa = PBXFileReference; lastKnownFileType = sourcecode.swift; path = SceneDelegate.swift; sourceTree = "<group>"; };
		CBC66EAE2844E16A0011C8D2 /* Assets.xcassets */ = {isa = PBXFileReference; lastKnownFileType = folder.assetcatalog; path = Assets.xcassets; sourceTree = "<group>"; };
		CBC66EB12844E16A0011C8D2 /* Base */ = {isa = PBXFileReference; lastKnownFileType = file.storyboard; name = Base; path = Base.lproj/LaunchScreen.storyboard; sourceTree = "<group>"; };
		CBC66EB32844E16A0011C8D2 /* Info.plist */ = {isa = PBXFileReference; lastKnownFileType = text.plist.xml; path = Info.plist; sourceTree = "<group>"; };
		CBDBBEE72846035900C69586 /* FilmsViewController.swift */ = {isa = PBXFileReference; lastKnownFileType = sourcecode.swift; path = FilmsViewController.swift; sourceTree = "<group>"; };
		CBF26B4E2849F6E400B64CAD /* FilmViewModel.swift */ = {isa = PBXFileReference; lastKnownFileType = sourcecode.swift; path = FilmViewModel.swift; sourceTree = "<group>"; };
		CBF63A28284A0C8D0044A65E /* FilmsView.swift */ = {isa = PBXFileReference; lastKnownFileType = sourcecode.swift; path = FilmsView.swift; sourceTree = "<group>"; };
		CBF63A2A284A0CD80044A65E /* FilmsViewController+Extension.swift */ = {isa = PBXFileReference; lastKnownFileType = sourcecode.swift; path = "FilmsViewController+Extension.swift"; sourceTree = "<group>"; };
		CBF63A31284A15ED0044A65E /* Constants.swift */ = {isa = PBXFileReference; lastKnownFileType = sourcecode.swift; path = Constants.swift; sourceTree = "<group>"; };
/* End PBXFileReference section */

/* Begin PBXFrameworksBuildPhase section */
		CBC66E9F2844E1670011C8D2 /* Frameworks */ = {
			isa = PBXFrameworksBuildPhase;
			buildActionMask = 2147483647;
			files = (
				89577663284B509200A40BB2 /* Alamofire in Frameworks */,
			);
			runOnlyForDeploymentPostprocessing = 0;
		};
/* End PBXFrameworksBuildPhase section */

/* Begin PBXGroup section */
		CBADD48A28463D9900908EB5 /* Models */ = {
			isa = PBXGroup;
			children = (
				CBADD4882846360400908EB5 /* Film.swift */,
				CBADD48F28463E7B00908EB5 /* Category.swift */,
				CBADD49B28476F3400908EB5 /* FilmSection.swift */,
				89577666284B586500A40BB2 /* FilmData.swift */,
				89577668284B58B900A40BB2 /* TvData.swift */,
				CBADD48D28463DEB00908EB5 /* ActorData.swift */,
			);
			path = Models;
			sourceTree = "<group>";
		};
		CBADD48B28463DA500908EB5 /* Views */ = {
			isa = PBXGroup;
			children = (
				CBF63A2C284A14410044A65E /* ViewControllers */,
				CBF63A2D284A144A0044A65E /* Views */,
				CBF63A2E284A144E0044A65E /* Cells */,
			);
			path = Views;
			sourceTree = "<group>";
		};
		CBADD48C28463DAD00908EB5 /* ViewModels */ = {
			isa = PBXGroup;
			children = (
				CBADD4912846434900908EB5 /* FilmsViewModel.swift */,
				CBF26B4E2849F6E400B64CAD /* FilmViewModel.swift */,
				89577664284B54DE00A40BB2 /* NetworkManager.swift */,
			);
			path = ViewModels;
			sourceTree = "<group>";
		};
		CBADD4972846685600908EB5 /* Extensions */ = {
			isa = PBXGroup;
			children = (
				CBADD4A22847D68300908EB5 /* Array+Extension.swift */,
				CBADD4952846685100908EB5 /* Date+Extension.swift */,
				CBADD4A02847D62600908EB5 /* DateComponents+Extension.swift */,
				CBADD49D2847922F00908EB5 /* UIColor+Extension.swift */,
				CBABCE132848F77800F8440E /* UIImage+Extension.swift */,
				CBADD4992847687700908EB5 /* UIView+Extension.swift */,
			);
			path = Extensions;
			sourceTree = "<group>";
		};
		CBADD4982846A78600908EB5 /* SupportingFiles */ = {
			isa = PBXGroup;
			children = (
				CBC66EA52844E1670011C8D2 /* AppDelegate.swift */,
				CBC66EA72844E1670011C8D2 /* SceneDelegate.swift */,
			);
			path = SupportingFiles;
			sourceTree = "<group>";
		};
		CBADD49F2847D50A00908EB5 /* Films */ = {
			isa = PBXGroup;
			children = (
				CBADD48B28463DA500908EB5 /* Views */,
				CBADD48C28463DAD00908EB5 /* ViewModels */,
			);
			path = Films;
			sourceTree = "<group>";
		};
		CBC66E992844E1670011C8D2 = {
			isa = PBXGroup;
			children = (
				CBC66EA42844E1670011C8D2 /* Movve */,
				CBC66EA32844E1670011C8D2 /* Products */,
			);
			sourceTree = "<group>";
		};
		CBC66EA32844E1670011C8D2 /* Products */ = {
			isa = PBXGroup;
			children = (
				CBC66EA22844E1670011C8D2 /* Movve.app */,
			);
			name = Products;
			sourceTree = "<group>";
		};
		CBC66EA42844E1670011C8D2 /* Movve */ = {
			isa = PBXGroup;
			children = (
				CBF63A33284A16C90044A65E /* Constants */,
				CBADD48A28463D9900908EB5 /* Models */,
				CBADD49F2847D50A00908EB5 /* Films */,
				CBADD4972846685600908EB5 /* Extensions */,
				CBADD4982846A78600908EB5 /* SupportingFiles */,
				CBC66EAE2844E16A0011C8D2 /* Assets.xcassets */,
				CBC66EB02844E16A0011C8D2 /* LaunchScreen.storyboard */,
				CBC66EB32844E16A0011C8D2 /* Info.plist */,
			);
			path = Movve;
			sourceTree = "<group>";
		};
		CBF63A2C284A14410044A65E /* ViewControllers */ = {
			isa = PBXGroup;
			children = (
				CBDBBEE72846035900C69586 /* FilmsViewController.swift */,
				CBF63A2A284A0CD80044A65E /* FilmsViewController+Extension.swift */,
			);
			path = ViewControllers;
			sourceTree = "<group>";
		};
		CBF63A2D284A144A0044A65E /* Views */ = {
			isa = PBXGroup;
			children = (
				CBF63A28284A0C8D0044A65E /* FilmsView.swift */,
				CBADD4A42848052700908EB5 /* TitleSupplementaryView.swift */,
			);
			path = Views;
			sourceTree = "<group>";
		};
		CBF63A2E284A144E0044A65E /* Cells */ = {
			isa = PBXGroup;
			children = (
				CBADD486284635D700908EB5 /* FilmsCollectionViewCell.swift */,
			);
			path = Cells;
			sourceTree = "<group>";
		};
		CBF63A33284A16C90044A65E /* Constants */ = {
			isa = PBXGroup;
			children = (
				CBF63A31284A15ED0044A65E /* Constants.swift */,
			);
			path = Constants;
			sourceTree = "<group>";
		};
/* End PBXGroup section */

/* Begin PBXNativeTarget section */
		CBC66EA12844E1670011C8D2 /* Movve */ = {
			isa = PBXNativeTarget;
			buildConfigurationList = CBC66EB62844E16A0011C8D2 /* Build configuration list for PBXNativeTarget "Movve" */;
			buildPhases = (
				CBC66E9E2844E1670011C8D2 /* Sources */,
				CBC66E9F2844E1670011C8D2 /* Frameworks */,
				CBC66EA02844E1670011C8D2 /* Resources */,
			);
			buildRules = (
			);
			dependencies = (
			);
			name = Movve;
			packageProductDependencies = (
				89577662284B509200A40BB2 /* Alamofire */,
			);
			productName = Movve;
			productReference = CBC66EA22844E1670011C8D2 /* Movve.app */;
			productType = "com.apple.product-type.application";
		};
/* End PBXNativeTarget section */

/* Begin PBXProject section */
		CBC66E9A2844E1670011C8D2 /* Project object */ = {
			isa = PBXProject;
			attributes = {
				BuildIndependentTargetsInParallel = 1;
				LastSwiftUpdateCheck = 1330;
				LastUpgradeCheck = 1330;
				TargetAttributes = {
					CBC66EA12844E1670011C8D2 = {
						CreatedOnToolsVersion = 13.3.1;
					};
				};
			};
			buildConfigurationList = CBC66E9D2844E1670011C8D2 /* Build configuration list for PBXProject "Movve" */;
			compatibilityVersion = "Xcode 13.0";
			developmentRegion = en;
			hasScannedForEncodings = 0;
			knownRegions = (
				en,
				Base,
			);
			mainGroup = CBC66E992844E1670011C8D2;
			packageReferences = (
				89577661284B509200A40BB2 /* XCRemoteSwiftPackageReference "Alamofire" */,
			);
			productRefGroup = CBC66EA32844E1670011C8D2 /* Products */;
			projectDirPath = "";
			projectRoot = "";
			targets = (
				CBC66EA12844E1670011C8D2 /* Movve */,
			);
		};
/* End PBXProject section */

/* Begin PBXResourcesBuildPhase section */
		CBC66EA02844E1670011C8D2 /* Resources */ = {
			isa = PBXResourcesBuildPhase;
			buildActionMask = 2147483647;
			files = (
				CBC66EB22844E16A0011C8D2 /* LaunchScreen.storyboard in Resources */,
				CBC66EAF2844E16A0011C8D2 /* Assets.xcassets in Resources */,
			);
			runOnlyForDeploymentPostprocessing = 0;
		};
/* End PBXResourcesBuildPhase section */

/* Begin PBXSourcesBuildPhase section */
		CBC66E9E2844E1670011C8D2 /* Sources */ = {
			isa = PBXSourcesBuildPhase;
			buildActionMask = 2147483647;
			files = (
				CBADD4A12847D62600908EB5 /* DateComponents+Extension.swift in Sources */,
				CBADD49A2847687700908EB5 /* UIView+Extension.swift in Sources */,
				CBF63A29284A0C8D0044A65E /* FilmsView.swift in Sources */,
				CBADD4922846434900908EB5 /* FilmsViewModel.swift in Sources */,
				CBADD4962846685100908EB5 /* Date+Extension.swift in Sources */,
				CBADD487284635D700908EB5 /* FilmsCollectionViewCell.swift in Sources */,
				CBADD49C28476F3400908EB5 /* FilmSection.swift in Sources */,
				CBC66EA62844E1670011C8D2 /* AppDelegate.swift in Sources */,
				CBF63A2B284A0CD80044A65E /* FilmsViewController+Extension.swift in Sources */,
				89577665284B54DE00A40BB2 /* NetworkManager.swift in Sources */,
				CBDBBEE82846035900C69586 /* FilmsViewController.swift in Sources */,
				89577667284B586500A40BB2 /* FilmData.swift in Sources */,
				89577669284B58B900A40BB2 /* TvData.swift in Sources */,
				CBC66EA82844E1670011C8D2 /* SceneDelegate.swift in Sources */,
				CBF26B4F2849F6E400B64CAD /* FilmViewModel.swift in Sources */,
				CBADD4A52848052700908EB5 /* TitleSupplementaryView.swift in Sources */,
				CBADD49028463E7B00908EB5 /* Category.swift in Sources */,
				CBABCE142848F77800F8440E /* UIImage+Extension.swift in Sources */,
				CBF63A32284A15ED0044A65E /* Constants.swift in Sources */,
				CBADD49E2847922F00908EB5 /* UIColor+Extension.swift in Sources */,
				CBADD4A32847D68300908EB5 /* Array+Extension.swift in Sources */,
				CBADD4892846360400908EB5 /* Film.swift in Sources */,
				CBADD48E28463DEB00908EB5 /* ActorData.swift in Sources */,
			);
			runOnlyForDeploymentPostprocessing = 0;
		};
/* End PBXSourcesBuildPhase section */

/* Begin PBXVariantGroup section */
		CBC66EB02844E16A0011C8D2 /* LaunchScreen.storyboard */ = {
			isa = PBXVariantGroup;
			children = (
				CBC66EB12844E16A0011C8D2 /* Base */,
			);
			name = LaunchScreen.storyboard;
			sourceTree = "<group>";
		};
/* End PBXVariantGroup section */

/* Begin XCBuildConfiguration section */
		CBC66EB42844E16A0011C8D2 /* Debug */ = {
			isa = XCBuildConfiguration;
			buildSettings = {
				ALWAYS_SEARCH_USER_PATHS = NO;
				CLANG_ANALYZER_NONNULL = YES;
				CLANG_ANALYZER_NUMBER_OBJECT_CONVERSION = YES_AGGRESSIVE;
				CLANG_CXX_LANGUAGE_STANDARD = "gnu++17";
				CLANG_ENABLE_MODULES = YES;
				CLANG_ENABLE_OBJC_ARC = YES;
				CLANG_ENABLE_OBJC_WEAK = YES;
				CLANG_WARN_BLOCK_CAPTURE_AUTORELEASING = YES;
				CLANG_WARN_BOOL_CONVERSION = YES;
				CLANG_WARN_COMMA = YES;
				CLANG_WARN_CONSTANT_CONVERSION = YES;
				CLANG_WARN_DEPRECATED_OBJC_IMPLEMENTATIONS = YES;
				CLANG_WARN_DIRECT_OBJC_ISA_USAGE = YES_ERROR;
				CLANG_WARN_DOCUMENTATION_COMMENTS = YES;
				CLANG_WARN_EMPTY_BODY = YES;
				CLANG_WARN_ENUM_CONVERSION = YES;
				CLANG_WARN_INFINITE_RECURSION = YES;
				CLANG_WARN_INT_CONVERSION = YES;
				CLANG_WARN_NON_LITERAL_NULL_CONVERSION = YES;
				CLANG_WARN_OBJC_IMPLICIT_RETAIN_SELF = YES;
				CLANG_WARN_OBJC_LITERAL_CONVERSION = YES;
				CLANG_WARN_OBJC_ROOT_CLASS = YES_ERROR;
				CLANG_WARN_QUOTED_INCLUDE_IN_FRAMEWORK_HEADER = YES;
				CLANG_WARN_RANGE_LOOP_ANALYSIS = YES;
				CLANG_WARN_STRICT_PROTOTYPES = YES;
				CLANG_WARN_SUSPICIOUS_MOVE = YES;
				CLANG_WARN_UNGUARDED_AVAILABILITY = YES_AGGRESSIVE;
				CLANG_WARN_UNREACHABLE_CODE = YES;
				CLANG_WARN__DUPLICATE_METHOD_MATCH = YES;
				COPY_PHASE_STRIP = NO;
				DEBUG_INFORMATION_FORMAT = dwarf;
				ENABLE_STRICT_OBJC_MSGSEND = YES;
				ENABLE_TESTABILITY = YES;
				GCC_C_LANGUAGE_STANDARD = gnu11;
				GCC_DYNAMIC_NO_PIC = NO;
				GCC_NO_COMMON_BLOCKS = YES;
				GCC_OPTIMIZATION_LEVEL = 0;
				GCC_PREPROCESSOR_DEFINITIONS = (
					"DEBUG=1",
					"$(inherited)",
				);
				GCC_WARN_64_TO_32_BIT_CONVERSION = YES;
				GCC_WARN_ABOUT_RETURN_TYPE = YES_ERROR;
				GCC_WARN_UNDECLARED_SELECTOR = YES;
				GCC_WARN_UNINITIALIZED_AUTOS = YES_AGGRESSIVE;
				GCC_WARN_UNUSED_FUNCTION = YES;
				GCC_WARN_UNUSED_VARIABLE = YES;
				IPHONEOS_DEPLOYMENT_TARGET = 15.4;
				MTL_ENABLE_DEBUG_INFO = INCLUDE_SOURCE;
				MTL_FAST_MATH = YES;
				ONLY_ACTIVE_ARCH = YES;
				SDKROOT = iphoneos;
				SWIFT_ACTIVE_COMPILATION_CONDITIONS = DEBUG;
				SWIFT_OPTIMIZATION_LEVEL = "-Onone";
			};
			name = Debug;
		};
		CBC66EB52844E16A0011C8D2 /* Release */ = {
			isa = XCBuildConfiguration;
			buildSettings = {
				ALWAYS_SEARCH_USER_PATHS = NO;
				CLANG_ANALYZER_NONNULL = YES;
				CLANG_ANALYZER_NUMBER_OBJECT_CONVERSION = YES_AGGRESSIVE;
				CLANG_CXX_LANGUAGE_STANDARD = "gnu++17";
				CLANG_ENABLE_MODULES = YES;
				CLANG_ENABLE_OBJC_ARC = YES;
				CLANG_ENABLE_OBJC_WEAK = YES;
				CLANG_WARN_BLOCK_CAPTURE_AUTORELEASING = YES;
				CLANG_WARN_BOOL_CONVERSION = YES;
				CLANG_WARN_COMMA = YES;
				CLANG_WARN_CONSTANT_CONVERSION = YES;
				CLANG_WARN_DEPRECATED_OBJC_IMPLEMENTATIONS = YES;
				CLANG_WARN_DIRECT_OBJC_ISA_USAGE = YES_ERROR;
				CLANG_WARN_DOCUMENTATION_COMMENTS = YES;
				CLANG_WARN_EMPTY_BODY = YES;
				CLANG_WARN_ENUM_CONVERSION = YES;
				CLANG_WARN_INFINITE_RECURSION = YES;
				CLANG_WARN_INT_CONVERSION = YES;
				CLANG_WARN_NON_LITERAL_NULL_CONVERSION = YES;
				CLANG_WARN_OBJC_IMPLICIT_RETAIN_SELF = YES;
				CLANG_WARN_OBJC_LITERAL_CONVERSION = YES;
				CLANG_WARN_OBJC_ROOT_CLASS = YES_ERROR;
				CLANG_WARN_QUOTED_INCLUDE_IN_FRAMEWORK_HEADER = YES;
				CLANG_WARN_RANGE_LOOP_ANALYSIS = YES;
				CLANG_WARN_STRICT_PROTOTYPES = YES;
				CLANG_WARN_SUSPICIOUS_MOVE = YES;
				CLANG_WARN_UNGUARDED_AVAILABILITY = YES_AGGRESSIVE;
				CLANG_WARN_UNREACHABLE_CODE = YES;
				CLANG_WARN__DUPLICATE_METHOD_MATCH = YES;
				COPY_PHASE_STRIP = NO;
				DEBUG_INFORMATION_FORMAT = "dwarf-with-dsym";
				ENABLE_NS_ASSERTIONS = NO;
				ENABLE_STRICT_OBJC_MSGSEND = YES;
				GCC_C_LANGUAGE_STANDARD = gnu11;
				GCC_NO_COMMON_BLOCKS = YES;
				GCC_WARN_64_TO_32_BIT_CONVERSION = YES;
				GCC_WARN_ABOUT_RETURN_TYPE = YES_ERROR;
				GCC_WARN_UNDECLARED_SELECTOR = YES;
				GCC_WARN_UNINITIALIZED_AUTOS = YES_AGGRESSIVE;
				GCC_WARN_UNUSED_FUNCTION = YES;
				GCC_WARN_UNUSED_VARIABLE = YES;
				IPHONEOS_DEPLOYMENT_TARGET = 15.4;
				MTL_ENABLE_DEBUG_INFO = NO;
				MTL_FAST_MATH = YES;
				SDKROOT = iphoneos;
				SWIFT_COMPILATION_MODE = wholemodule;
				SWIFT_OPTIMIZATION_LEVEL = "-O";
				VALIDATE_PRODUCT = YES;
			};
			name = Release;
		};
		CBC66EB72844E16A0011C8D2 /* Debug */ = {
			isa = XCBuildConfiguration;
			buildSettings = {
				ASSETCATALOG_COMPILER_APPICON_NAME = AppIcon;
				ASSETCATALOG_COMPILER_GLOBAL_ACCENT_COLOR_NAME = AccentColor;
				CODE_SIGN_STYLE = Automatic;
				CURRENT_PROJECT_VERSION = 1;
				DEVELOPMENT_TEAM = T7YWVGS7V5;
				GENERATE_INFOPLIST_FILE = YES;
				INFOPLIST_FILE = Movve/Info.plist;
				INFOPLIST_KEY_UIApplicationSupportsIndirectInputEvents = YES;
				INFOPLIST_KEY_UILaunchStoryboardName = LaunchScreen;
				INFOPLIST_KEY_UISupportedInterfaceOrientations_iPad = "UIInterfaceOrientationPortrait UIInterfaceOrientationPortraitUpsideDown UIInterfaceOrientationLandscapeLeft UIInterfaceOrientationLandscapeRight";
				INFOPLIST_KEY_UISupportedInterfaceOrientations_iPhone = "UIInterfaceOrientationPortrait UIInterfaceOrientationLandscapeLeft UIInterfaceOrientationLandscapeRight";
				IPHONEOS_DEPLOYMENT_TARGET = 15.0;
				LD_RUNPATH_SEARCH_PATHS = (
					"$(inherited)",
					"@executable_path/Frameworks",
				);
				MARKETING_VERSION = 1.0;
				PRODUCT_BUNDLE_IDENTIFIER = com.gellert.Movve;
				PRODUCT_NAME = "$(TARGET_NAME)";
				SWIFT_EMIT_LOC_STRINGS = YES;
				SWIFT_VERSION = 5.0;
				TARGETED_DEVICE_FAMILY = "1,2";
			};
			name = Debug;
		};
		CBC66EB82844E16A0011C8D2 /* Release */ = {
			isa = XCBuildConfiguration;
			buildSettings = {
				ASSETCATALOG_COMPILER_APPICON_NAME = AppIcon;
				ASSETCATALOG_COMPILER_GLOBAL_ACCENT_COLOR_NAME = AccentColor;
				CODE_SIGN_STYLE = Automatic;
				CURRENT_PROJECT_VERSION = 1;
				DEVELOPMENT_TEAM = T7YWVGS7V5;
				GENERATE_INFOPLIST_FILE = YES;
				INFOPLIST_FILE = Movve/Info.plist;
				INFOPLIST_KEY_UIApplicationSupportsIndirectInputEvents = YES;
				INFOPLIST_KEY_UILaunchStoryboardName = LaunchScreen;
				INFOPLIST_KEY_UISupportedInterfaceOrientations_iPad = "UIInterfaceOrientationPortrait UIInterfaceOrientationPortraitUpsideDown UIInterfaceOrientationLandscapeLeft UIInterfaceOrientationLandscapeRight";
				INFOPLIST_KEY_UISupportedInterfaceOrientations_iPhone = "UIInterfaceOrientationPortrait UIInterfaceOrientationLandscapeLeft UIInterfaceOrientationLandscapeRight";
				IPHONEOS_DEPLOYMENT_TARGET = 15.0;
				LD_RUNPATH_SEARCH_PATHS = (
					"$(inherited)",
					"@executable_path/Frameworks",
				);
				MARKETING_VERSION = 1.0;
				PRODUCT_BUNDLE_IDENTIFIER = com.gellert.Movve;
				PRODUCT_NAME = "$(TARGET_NAME)";
				SWIFT_EMIT_LOC_STRINGS = YES;
				SWIFT_VERSION = 5.0;
				TARGETED_DEVICE_FAMILY = "1,2";
			};
			name = Release;
		};
/* End XCBuildConfiguration section */

/* Begin XCConfigurationList section */
		CBC66E9D2844E1670011C8D2 /* Build configuration list for PBXProject "Movve" */ = {
			isa = XCConfigurationList;
			buildConfigurations = (
				CBC66EB42844E16A0011C8D2 /* Debug */,
				CBC66EB52844E16A0011C8D2 /* Release */,
			);
			defaultConfigurationIsVisible = 0;
			defaultConfigurationName = Release;
		};
		CBC66EB62844E16A0011C8D2 /* Build configuration list for PBXNativeTarget "Movve" */ = {
			isa = XCConfigurationList;
			buildConfigurations = (
				CBC66EB72844E16A0011C8D2 /* Debug */,
				CBC66EB82844E16A0011C8D2 /* Release */,
			);
			defaultConfigurationIsVisible = 0;
			defaultConfigurationName = Release;
		};
/* End XCConfigurationList section */

/* Begin XCRemoteSwiftPackageReference section */
		89577661284B509200A40BB2 /* XCRemoteSwiftPackageReference "Alamofire" */ = {
			isa = XCRemoteSwiftPackageReference;
			repositoryURL = "https://github.com/Alamofire/Alamofire.git";
			requirement = {
				kind = upToNextMajorVersion;
				minimumVersion = 5.0.0;
			};
		};
/* End XCRemoteSwiftPackageReference section */

/* Begin XCSwiftPackageProductDependency section */
		89577662284B509200A40BB2 /* Alamofire */ = {
			isa = XCSwiftPackageProductDependency;
			package = 89577661284B509200A40BB2 /* XCRemoteSwiftPackageReference "Alamofire" */;
			productName = Alamofire;
		};
/* End XCSwiftPackageProductDependency section */
	};
	rootObject = CBC66E9A2844E1670011C8D2 /* Project object */;
}
